
Microsoft Visual Studio Solution File, Format Version 12.00
# Visual Studio 15
VisualStudioVersion = 15.0.27004.2005
MinimumVisualStudioVersion = 10.0.40219.1
Project("{9A19103F-16F7-4668-BE54-9A1E7A4F7556}") = "RestaurantGraphQL.Api", "RestaurantGraphQLApi\RestaurantGraphQL.Api.csproj", "{8AB124A4-20A7-485C-A7D5-64BDA37B7219}"
EndProject
Project("{9A19103F-16F7-4668-BE54-9A1E7A4F7556}") = "RestaurantGraphQL.Data", "RestaurantGraphQL.Data\RestaurantGraphQL.Data.csproj", "{9130E57E-850C-47E7-B00C-0537DECD370E}"
EndProject
Project("{9A19103F-16F7-4668-BE54-9A1E7A4F7556}") = "RestaurantGraphQL.Core", "RestaurantGraphQL.Core\RestaurantGraphQL.Core.csproj", "{DED20C1E-A6FB-43FE-886D-E2EA3069C18C}"
EndProject
Project("{FAE04EC0-301F-11D3-BF4B-00C04F79EFBC}") = "RestaurantGraphQL.Application", "RestaurantGraphQL.Application\RestaurantGraphQL.Application.csproj", "{0538996A-EE63-4D28-AE3E-DF3AB132AAC7}"
EndProject
Global
	GlobalSection(SolutionConfigurationPlatforms) = preSolution
		Debug|Any CPU = Debug|Any CPU
		Release|Any CPU = Release|Any CPU
	EndGlobalSection
	GlobalSection(ProjectConfigurationPlatforms) = postSolution
		{8AB124A4-20A7-485C-A7D5-64BDA37B7219}.Debug|Any CPU.ActiveCfg = Debug|Any CPU
		{8AB124A4-20A7-485C-A7D5-64BDA37B7219}.Debug|Any CPU.Build.0 = Debug|Any CPU
		{8AB124A4-20A7-485C-A7D5-64BDA37B7219}.Release|Any CPU.ActiveCfg = Release|Any CPU
		{8AB124A4-20A7-485C-A7D5-64BDA37B7219}.Release|Any CPU.Build.0 = Release|Any CPU
		{9130E57E-850C-47E7-B00C-0537DECD370E}.Debug|Any CPU.ActiveCfg = Debug|Any CPU
		{9130E57E-850C-47E7-B00C-0537DECD370E}.Debug|Any CPU.Build.0 = Debug|Any CPU
		{9130E57E-850C-47E7-B00C-0537DECD370E}.Release|Any CPU.ActiveCfg = Release|Any CPU
		{9130E57E-850C-47E7-B00C-0537DECD370E}.Release|Any CPU.Build.0 = Release|Any CPU
		{DED20C1E-A6FB-43FE-886D-E2EA3069C18C}.Debug|Any CPU.ActiveCfg = Debug|Any CPU
		{DED20C1E-A6FB-43FE-886D-E2EA3069C18C}.Debug|Any CPU.Build.0 = Debug|Any CPU
		{DED20C1E-A6FB-43FE-886D-E2EA3069C18C}.Release|Any CPU.ActiveCfg = Release|Any CPU
		{DED20C1E-A6FB-43FE-886D-E2EA3069C18C}.Release|Any CPU.Build.0 = Release|Any CPU
		{0538996A-EE63-4D28-AE3E-DF3AB132AAC7}.Debug|Any CPU.ActiveCfg = Debug|Any CPU
		{0538996A-EE63-4D28-AE3E-DF3AB132AAC7}.Debug|Any CPU.Build.0 = Debug|Any CPU
		{0538996A-EE63-4D28-AE3E-DF3AB132AAC7}.Release|Any CPU.ActiveCfg = Release|Any CPU
		{0538996A-EE63-4D28-AE3E-DF3AB132AAC7}.Release|Any CPU.Build.0 = Release|Any CPU
	EndGlobalSection
	GlobalSection(SolutionProperties) = preSolution
		HideSolutionNode = FALSE
	EndGlobalSection
	GlobalSection(ExtensibilityGlobals) = postSolution
		SolutionGuid = {A9265E99-4C33-4860-A44E-14A275F1D7DE}
	EndGlobalSection
EndGlobal
